// !$*UTF8*$!
{
	archiveVersion = 1;
	classes = {
	};
	objectVersion = 46;
	objects = {

/* Begin PBXBuildFile section */
		DF00B88314C9956E008A891E /* tableviewheader_ring@2x.png in Resources */ = {isa = PBXBuildFile; fileRef = DF00B88214C9956E008A891E /* tableviewheader_ring@2x.png */; };
		DF00B88514C99660008A891E /* tableviewheader_ring_selected@2x.png in Resources */ = {isa = PBXBuildFile; fileRef = DF00B88414C99660008A891E /* tableviewheader_ring_selected@2x.png */; };
		DF00B88714C9977B008A891E /* tableviewheader_facetime_selected@2x.png in Resources */ = {isa = PBXBuildFile; fileRef = DF00B88614C9977B008A891E /* tableviewheader_facetime_selected@2x.png */; };
		DF00B88B14C997C2008A891E /* tableviewheader_add@2x.png in Resources */ = {isa = PBXBuildFile; fileRef = DF00B88814C997C2008A891E /* tableviewheader_add@2x.png */; };
		DF00B88C14C997C2008A891E /* tableviewheader_facetime@2x.png in Resources */ = {isa = PBXBuildFile; fileRef = DF00B88914C997C2008A891E /* tableviewheader_facetime@2x.png */; };
		DF00B88D14C997C2008A891E /* tableviewheader_ring@2x.png in Resources */ = {isa = PBXBuildFile; fileRef = DF00B88A14C997C2008A891E /* tableviewheader_ring@2x.png */; };
		DF00B88F14C997D1008A891E /* tableheaderview_message@2x.png in Resources */ = {isa = PBXBuildFile; fileRef = DF00B88E14C997D1008A891E /* tableheaderview_message@2x.png */; };
		DF00B89114C99831008A891E /* tableviewheader_add_selected@2x.png in Resources */ = {isa = PBXBuildFile; fileRef = DF00B89014C99831008A891E /* tableviewheader_add_selected@2x.png */; };
		DF00B89514C9A04A008A891E /* LinksDetailViewController.m in Sources */ = {isa = PBXBuildFile; fileRef = DF00B89314C9A04A008A891E /* LinksDetailViewController.m */; };
		DF00B89614C9A04A008A891E /* LinksDetailViewController.xib in Resources */ = {isa = PBXBuildFile; fileRef = DF00B89414C9A04A008A891E /* LinksDetailViewController.xib */; };
		DF0C959E14D5BDCE00FA3F4F /* Icon.png in Resources */ = {isa = PBXBuildFile; fileRef = DF0C959C14D5BDCE00FA3F4F /* Icon.png */; };
		DF0C959F14D5BDCE00FA3F4F /* Icon@2x.png in Resources */ = {isa = PBXBuildFile; fileRef = DF0C959D14D5BDCE00FA3F4F /* Icon@2x.png */; };
		DF0C95A114D5BE7C00FA3F4F /* Icon.png in Resources */ = {isa = PBXBuildFile; fileRef = DF0C95A014D5BE7C00FA3F4F /* Icon.png */; };
		DF0C95A314D5BE8000FA3F4F /* Icon@2x.png in Resources */ = {isa = PBXBuildFile; fileRef = DF0C95A214D5BE8000FA3F4F /* Icon@2x.png */; };
		DF10E60614D1D28D00146C28 /* SSMessagesViewControllerSendButtonBackgroundGreen@2x.png in Resources */ = {isa = PBXBuildFile; fileRef = DF10E60514D1D28D00146C28 /* SSMessagesViewControllerSendButtonBackgroundGreen@2x.png */; };
		DF10E60914D1D5D900146C28 /* SSMessagesViewControllerCameraButton@2x.png in Resources */ = {isa = PBXBuildFile; fileRef = DF10E60814D1D5D800146C28 /* SSMessagesViewControllerCameraButton@2x.png */; };
		DF10E60B14D1E9ED00146C28 /* iAd.framework in Frameworks */ = {isa = PBXBuildFile; fileRef = DF10E60A14D1E9ED00146C28 /* iAd.framework */; };
		DFDA981314C5CC280082F911 /* UIKit.framework in Frameworks */ = {isa = PBXBuildFile; fileRef = DFDA981214C5CC280082F911 /* UIKit.framework */; };
		DFDA981514C5CC280082F911 /* Foundation.framework in Frameworks */ = {isa = PBXBuildFile; fileRef = DFDA981414C5CC280082F911 /* Foundation.framework */; };
		DFDA981714C5CC280082F911 /* CoreGraphics.framework in Frameworks */ = {isa = PBXBuildFile; fileRef = DFDA981614C5CC280082F911 /* CoreGraphics.framework */; };
		DFDA981D14C5CC280082F911 /* InfoPlist.strings in Resources */ = {isa = PBXBuildFile; fileRef = DFDA981B14C5CC280082F911 /* InfoPlist.strings */; };
		DFDA981F14C5CC280082F911 /* main.m in Sources */ = {isa = PBXBuildFile; fileRef = DFDA981E14C5CC280082F911 /* main.m */; };
		DFDA982314C5CC280082F911 /* AppDelegate.m in Sources */ = {isa = PBXBuildFile; fileRef = DFDA982214C5CC280082F911 /* AppDelegate.m */; };
		DFDA982614C5CC280082F911 /* MasterViewController.m in Sources */ = {isa = PBXBuildFile; fileRef = DFDA982514C5CC280082F911 /* MasterViewController.m */; };
		DFDA982914C5CC280082F911 /* DetailViewController.m in Sources */ = {isa = PBXBuildFile; fileRef = DFDA982814C5CC280082F911 /* DetailViewController.m */; };
		DFDA982C14C5CC280082F911 /* MasterViewController.xib in Resources */ = {isa = PBXBuildFile; fileRef = DFDA982A14C5CC280082F911 /* MasterViewController.xib */; };
		DFDA982F14C5CC280082F911 /* DetailViewController.xib in Resources */ = {isa = PBXBuildFile; fileRef = DFDA982D14C5CC280082F911 /* DetailViewController.xib */; };
		DFDA984014C5CC5C0082F911 /* SSMessagesViewController.m in Sources */ = {isa = PBXBuildFile; fileRef = DFDA983714C5CC5C0082F911 /* SSMessagesViewController.m */; };
		DFDA984114C5CC5C0082F911 /* SSMessageTableViewCell.m in Sources */ = {isa = PBXBuildFile; fileRef = DFDA983914C5CC5C0082F911 /* SSMessageTableViewCell.m */; };
		DFDA984214C5CC5C0082F911 /* SSMessageTableViewCellBubbleView.m in Sources */ = {isa = PBXBuildFile; fileRef = DFDA983B14C5CC5C0082F911 /* SSMessageTableViewCellBubbleView.m */; };
		DFDA984314C5CC5C0082F911 /* SSDrawingUtilities.m in Sources */ = {isa = PBXBuildFile; fileRef = DFDA983D14C5CC5C0082F911 /* SSDrawingUtilities.m */; };
		DFDA984414C5CC5C0082F911 /* SSTextField.m in Sources */ = {isa = PBXBuildFile; fileRef = DFDA983F14C5CC5C0082F911 /* SSTextField.m */; };
		DFDA985014C5CC6A0082F911 /* SSMessagesViewControllerInputBackground.png in Resources */ = {isa = PBXBuildFile; fileRef = DFDA984614C5CC6A0082F911 /* SSMessagesViewControllerInputBackground.png */; };
		DFDA985114C5CC6A0082F911 /* SSMessagesViewControllerInputBackground@2x.png in Resources */ = {isa = PBXBuildFile; fileRef = DFDA984714C5CC6A0082F911 /* SSMessagesViewControllerInputBackground@2x.png */; };
		DFDA985214C5CC6A0082F911 /* SSMessagesViewControllerSendButtonBackground.png in Resources */ = {isa = PBXBuildFile; fileRef = DFDA984814C5CC6A0082F911 /* SSMessagesViewControllerSendButtonBackground.png */; };
		DFDA985314C5CC6A0082F911 /* SSMessagesViewControllerSendButtonBackground@2x.png in Resources */ = {isa = PBXBuildFile; fileRef = DFDA984914C5CC6A0082F911 /* SSMessagesViewControllerSendButtonBackground@2x.png */; };
		DFDA985414C5CC6A0082F911 /* SSMessagesViewControllerTextFieldBackground.png in Resources */ = {isa = PBXBuildFile; fileRef = DFDA984A14C5CC6A0082F911 /* SSMessagesViewControllerTextFieldBackground.png */; };
		DFDA985514C5CC6A0082F911 /* SSMessagesViewControllerTextFieldBackground@2x.png in Resources */ = {isa = PBXBuildFile; fileRef = DFDA984B14C5CC6A0082F911 /* SSMessagesViewControllerTextFieldBackground@2x.png */; };
		DFDA985614C5CC6A0082F911 /* SSMessageTableViewCellBackgroundClear.png in Resources */ = {isa = PBXBuildFile; fileRef = DFDA984C14C5CC6A0082F911 /* SSMessageTableViewCellBackgroundClear.png */; };
		DFDA985714C5CC6A0082F911 /* SSMessageTableViewCellBackgroundClear@2x.png in Resources */ = {isa = PBXBuildFile; fileRef = DFDA984D14C5CC6A0082F911 /* SSMessageTableViewCellBackgroundClear@2x.png */; };
		DFDA985814C5CC6A0082F911 /* SSMessageTableViewCellBackgroundGreen.png in Resources */ = {isa = PBXBuildFile; fileRef = DFDA984E14C5CC6A0082F911 /* SSMessageTableViewCellBackgroundGreen.png */; };
		DFDA985914C5CC6A0082F911 /* SSMessageTableViewCellBackgroundGreen@2x.png in Resources */ = {isa = PBXBuildFile; fileRef = DFDA984F14C5CC6A0082F911 /* SSMessageTableViewCellBackgroundGreen@2x.png */; };
		DFDA985C14C5CCFB0082F911 /* SL_SMS.m in Sources */ = {isa = PBXBuildFile; fileRef = DFDA985B14C5CCFB0082F911 /* SL_SMS.m */; };
		DFDA985F14C5CD390082F911 /* SMS.m in Sources */ = {isa = PBXBuildFile; fileRef = DFDA985E14C5CD390082F911 /* SMS.m */; };
		DFDA986514C5DA680082F911 /* SSMessagesTableHeaderView.m in Sources */ = {isa = PBXBuildFile; fileRef = DFDA986314C5DA660082F911 /* SSMessagesTableHeaderView.m */; };
		DFDA986614C5DA680082F911 /* SSMessagesTableHeaderView.xib in Resources */ = {isa = PBXBuildFile; fileRef = DFDA986414C5DA670082F911 /* SSMessagesTableHeaderView.xib */; };
		DFDA991114C62E0D0082F911 /* SSMessagesTableHeaderDateView.m in Sources */ = {isa = PBXBuildFile; fileRef = DFDA990F14C62E0B0082F911 /* SSMessagesTableHeaderDateView.m */; };
		DFDA991214C62E0D0082F911 /* SSMessagesTableHeaderDateView.xib in Resources */ = {isa = PBXBuildFile; fileRef = DFDA991014C62E0C0082F911 /* SSMessagesTableHeaderDateView.xib */; };
/* End PBXBuildFile section */

/* Begin PBXFileReference section */
		DF00B88214C9956E008A891E /* tableviewheader_ring@2x.png */ = {isa = PBXFileReference; lastKnownFileType = image.png; path = "tableviewheader_ring@2x.png"; sourceTree = "<group>"; };
		DF00B88414C99660008A891E /* tableviewheader_ring_selected@2x.png */ = {isa = PBXFileReference; lastKnownFileType = image.png; path = "tableviewheader_ring_selected@2x.png"; sourceTree = "<group>"; };
		DF00B88614C9977B008A891E /* tableviewheader_facetime_selected@2x.png */ = {isa = PBXFileReference; lastKnownFileType = image.png; path = "tableviewheader_facetime_selected@2x.png"; sourceTree = "<group>"; };
		DF00B88814C997C2008A891E /* tableviewheader_add@2x.png */ = {isa = PBXFileReference; lastKnownFileType = image.png; path = "tableviewheader_add@2x.png"; sourceTree = "<group>"; };
		DF00B88914C997C2008A891E /* tableviewheader_facetime@2x.png */ = {isa = PBXFileReference; lastKnownFileType = image.png; path = "tableviewheader_facetime@2x.png"; sourceTree = "<group>"; };
		DF00B88A14C997C2008A891E /* tableviewheader_ring@2x.png */ = {isa = PBXFileReference; lastKnownFileType = image.png; path = "tableviewheader_ring@2x.png"; sourceTree = "<group>"; };
		DF00B88E14C997D1008A891E /* tableheaderview_message@2x.png */ = {isa = PBXFileReference; lastKnownFileType = image.png; path = "tableheaderview_message@2x.png"; sourceTree = "<group>"; };
		DF00B89014C99831008A891E /* tableviewheader_add_selected@2x.png */ = {isa = PBXFileReference; lastKnownFileType = image.png; path = "tableviewheader_add_selected@2x.png"; sourceTree = "<group>"; };
		DF00B89214C9A04A008A891E /* LinksDetailViewController.h */ = {isa = PBXFileReference; fileEncoding = 4; lastKnownFileType = sourcecode.c.h; path = LinksDetailViewController.h; sourceTree = "<group>"; };
		DF00B89314C9A04A008A891E /* LinksDetailViewController.m */ = {isa = PBXFileReference; fileEncoding = 4; lastKnownFileType = sourcecode.c.objc; path = LinksDetailViewController.m; sourceTree = "<group>"; };
		DF00B89414C9A04A008A891E /* LinksDetailViewController.xib */ = {isa = PBXFileReference; fileEncoding = 4; lastKnownFileType = file.xib; path = LinksDetailViewController.xib; sourceTree = "<group>"; };
		DF0C959C14D5BDCE00FA3F4F /* Icon.png */ = {isa = PBXFileReference; lastKnownFileType = image.png; path = Icon.png; sourceTree = "<group>"; };
		DF0C959D14D5BDCE00FA3F4F /* Icon@2x.png */ = {isa = PBXFileReference; lastKnownFileType = image.png; path = "Icon@2x.png"; sourceTree = "<group>"; };
		DF0C95A014D5BE7C00FA3F4F /* Icon.png */ = {isa = PBXFileReference; lastKnownFileType = image.png; path = Icon.png; sourceTree = "<group>"; };
		DF0C95A214D5BE8000FA3F4F /* Icon@2x.png */ = {isa = PBXFileReference; lastKnownFileType = image.png; path = "Icon@2x.png"; sourceTree = "<group>"; };
		DF10E60514D1D28D00146C28 /* SSMessagesViewControllerSendButtonBackgroundGreen@2x.png */ = {isa = PBXFileReference; lastKnownFileType = image.png; name = "SSMessagesViewControllerSendButtonBackgroundGreen@2x.png"; path = "../../Libraries/ssmessagesviewcontroller/Images/SSMessagesViewControllerSendButtonBackgroundGreen@2x.png"; sourceTree = "<group>"; };
		DF10E60814D1D5D800146C28 /* SSMessagesViewControllerCameraButton@2x.png */ = {isa = PBXFileReference; lastKnownFileType = image.png; name = "SSMessagesViewControllerCameraButton@2x.png"; path = "../../Libraries/ssmessagesviewcontroller/Images/SSMessagesViewControllerCameraButton@2x.png"; sourceTree = "<group>"; };
		DF10E60A14D1E9ED00146C28 /* iAd.framework */ = {isa = PBXFileReference; lastKnownFileType = wrapper.framework; name = iAd.framework; path = System/Library/Frameworks/iAd.framework; sourceTree = SDKROOT; };
		DFDA980E14C5CC280082F911 /* SL.app */ = {isa = PBXFileReference; explicitFileType = wrapper.application; includeInIndex = 0; path = SL.app; sourceTree = BUILT_PRODUCTS_DIR; };
		DFDA981214C5CC280082F911 /* UIKit.framework */ = {isa = PBXFileReference; lastKnownFileType = wrapper.framework; name = UIKit.framework; path = System/Library/Frameworks/UIKit.framework; sourceTree = SDKROOT; };
		DFDA981414C5CC280082F911 /* Foundation.framework */ = {isa = PBXFileReference; lastKnownFileType = wrapper.framework; name = Foundation.framework; path = System/Library/Frameworks/Foundation.framework; sourceTree = SDKROOT; };
		DFDA981614C5CC280082F911 /* CoreGraphics.framework */ = {isa = PBXFileReference; lastKnownFileType = wrapper.framework; name = CoreGraphics.framework; path = System/Library/Frameworks/CoreGraphics.framework; sourceTree = SDKROOT; };
		DFDA981A14C5CC280082F911 /* SL-Info.plist */ = {isa = PBXFileReference; lastKnownFileType = text.plist.xml; path = "SL-Info.plist"; sourceTree = "<group>"; };
		DFDA981C14C5CC280082F911 /* en */ = {isa = PBXFileReference; lastKnownFileType = text.plist.strings; name = en; path = en.lproj/InfoPlist.strings; sourceTree = "<group>"; };
		DFDA981E14C5CC280082F911 /* main.m */ = {isa = PBXFileReference; lastKnownFileType = sourcecode.c.objc; path = main.m; sourceTree = "<group>"; };
		DFDA982014C5CC280082F911 /* SL-Prefix.pch */ = {isa = PBXFileReference; lastKnownFileType = sourcecode.c.h; path = "SL-Prefix.pch"; sourceTree = "<group>"; };
		DFDA982114C5CC280082F911 /* AppDelegate.h */ = {isa = PBXFileReference; lastKnownFileType = sourcecode.c.h; path = AppDelegate.h; sourceTree = "<group>"; };
		DFDA982214C5CC280082F911 /* AppDelegate.m */ = {isa = PBXFileReference; lastKnownFileType = sourcecode.c.objc; path = AppDelegate.m; sourceTree = "<group>"; };
		DFDA982414C5CC280082F911 /* MasterViewController.h */ = {isa = PBXFileReference; lastKnownFileType = sourcecode.c.h; path = MasterViewController.h; sourceTree = "<group>"; };
		DFDA982514C5CC280082F911 /* MasterViewController.m */ = {isa = PBXFileReference; lastKnownFileType = sourcecode.c.objc; path = MasterViewController.m; sourceTree = "<group>"; };
		DFDA982714C5CC280082F911 /* DetailViewController.h */ = {isa = PBXFileReference; lastKnownFileType = sourcecode.c.h; path = DetailViewController.h; sourceTree = "<group>"; };
		DFDA982814C5CC280082F911 /* DetailViewController.m */ = {isa = PBXFileReference; lastKnownFileType = sourcecode.c.objc; path = DetailViewController.m; sourceTree = "<group>"; };
		DFDA982B14C5CC280082F911 /* en */ = {isa = PBXFileReference; lastKnownFileType = file.xib; name = en; path = en.lproj/MasterViewController.xib; sourceTree = "<group>"; };
		DFDA982E14C5CC280082F911 /* en */ = {isa = PBXFileReference; lastKnownFileType = file.xib; name = en; path = en.lproj/DetailViewController.xib; sourceTree = "<group>"; };
		DFDA983614C5CC5C0082F911 /* SSMessagesViewController.h */ = {isa = PBXFileReference; fileEncoding = 4; lastKnownFileType = sourcecode.c.h; name = SSMessagesViewController.h; path = ../../Libraries/ssmessagesviewcontroller/Classes/SSMessagesViewController.h; sourceTree = "<group>"; };
		DFDA983714C5CC5C0082F911 /* SSMessagesViewController.m */ = {isa = PBXFileReference; fileEncoding = 4; lastKnownFileType = sourcecode.c.objc; name = SSMessagesViewController.m; path = ../../Libraries/ssmessagesviewcontroller/Classes/SSMessagesViewController.m; sourceTree = "<group>"; };
		DFDA983814C5CC5C0082F911 /* SSMessageTableViewCell.h */ = {isa = PBXFileReference; fileEncoding = 4; lastKnownFileType = sourcecode.c.h; name = SSMessageTableViewCell.h; path = ../../Libraries/ssmessagesviewcontroller/Classes/SSMessageTableViewCell.h; sourceTree = "<group>"; };
		DFDA983914C5CC5C0082F911 /* SSMessageTableViewCell.m */ = {isa = PBXFileReference; fileEncoding = 4; lastKnownFileType = sourcecode.c.objc; name = SSMessageTableViewCell.m; path = ../../Libraries/ssmessagesviewcontroller/Classes/SSMessageTableViewCell.m; sourceTree = "<group>"; };
		DFDA983A14C5CC5C0082F911 /* SSMessageTableViewCellBubbleView.h */ = {isa = PBXFileReference; fileEncoding = 4; lastKnownFileType = sourcecode.c.h; name = SSMessageTableViewCellBubbleView.h; path = ../../Libraries/ssmessagesviewcontroller/Classes/SSMessageTableViewCellBubbleView.h; sourceTree = "<group>"; };
		DFDA983B14C5CC5C0082F911 /* SSMessageTableViewCellBubbleView.m */ = {isa = PBXFileReference; fileEncoding = 4; lastKnownFileType = sourcecode.c.objc; name = SSMessageTableViewCellBubbleView.m; path = ../../Libraries/ssmessagesviewcontroller/Classes/SSMessageTableViewCellBubbleView.m; sourceTree = "<group>"; };
		DFDA983C14C5CC5C0082F911 /* SSDrawingUtilities.h */ = {isa = PBXFileReference; fileEncoding = 4; lastKnownFileType = sourcecode.c.h; name = SSDrawingUtilities.h; path = ../../Libraries/ssmessagesviewcontroller/Classes/SSDrawingUtilities.h; sourceTree = "<group>"; };
		DFDA983D14C5CC5C0082F911 /* SSDrawingUtilities.m */ = {isa = PBXFileReference; fileEncoding = 4; lastKnownFileType = sourcecode.c.objc; name = SSDrawingUtilities.m; path = ../../Libraries/ssmessagesviewcontroller/Classes/SSDrawingUtilities.m; sourceTree = "<group>"; };
		DFDA983E14C5CC5C0082F911 /* SSTextField.h */ = {isa = PBXFileReference; fileEncoding = 4; lastKnownFileType = sourcecode.c.h; name = SSTextField.h; path = ../../Libraries/ssmessagesviewcontroller/Classes/SSTextField.h; sourceTree = "<group>"; };
		DFDA983F14C5CC5C0082F911 /* SSTextField.m */ = {isa = PBXFileReference; fileEncoding = 4; lastKnownFileType = sourcecode.c.objc; name = SSTextField.m; path = ../../Libraries/ssmessagesviewcontroller/Classes/SSTextField.m; sourceTree = "<group>"; };
		DFDA984614C5CC6A0082F911 /* SSMessagesViewControllerInputBackground.png */ = {isa = PBXFileReference; lastKnownFileType = image.png; name = SSMessagesViewControllerInputBackground.png; path = ../../Libraries/ssmessagesviewcontroller/Images/SSMessagesViewControllerInputBackground.png; sourceTree = "<group>"; };
		DFDA984714C5CC6A0082F911 /* SSMessagesViewControllerInputBackground@2x.png */ = {isa = PBXFileReference; lastKnownFileType = image.png; name = "SSMessagesViewControllerInputBackground@2x.png"; path = "../../Libraries/ssmessagesviewcontroller/Images/SSMessagesViewControllerInputBackground@2x.png"; sourceTree = "<group>"; };
		DFDA984814C5CC6A0082F911 /* SSMessagesViewControllerSendButtonBackground.png */ = {isa = PBXFileReference; lastKnownFileType = image.png; name = SSMessagesViewControllerSendButtonBackground.png; path = ../../Libraries/ssmessagesviewcontroller/Images/SSMessagesViewControllerSendButtonBackground.png; sourceTree = "<group>"; };
		DFDA984914C5CC6A0082F911 /* SSMessagesViewControllerSendButtonBackground@2x.png */ = {isa = PBXFileReference; lastKnownFileType = image.png; name = "SSMessagesViewControllerSendButtonBackground@2x.png"; path = "../../Libraries/ssmessagesviewcontroller/Images/SSMessagesViewControllerSendButtonBackground@2x.png"; sourceTree = "<group>"; };
		DFDA984A14C5CC6A0082F911 /* SSMessagesViewControllerTextFieldBackground.png */ = {isa = PBXFileReference; lastKnownFileType = image.png; name = SSMessagesViewControllerTextFieldBackground.png; path = ../../Libraries/ssmessagesviewcontroller/Images/SSMessagesViewControllerTextFieldBackground.png; sourceTree = "<group>"; };
		DFDA984B14C5CC6A0082F911 /* SSMessagesViewControllerTextFieldBackground@2x.png */ = {isa = PBXFileReference; lastKnownFileType = image.png; name = "SSMessagesViewControllerTextFieldBackground@2x.png"; path = "../../Libraries/ssmessagesviewcontroller/Images/SSMessagesViewControllerTextFieldBackground@2x.png"; sourceTree = "<group>"; };
		DFDA984C14C5CC6A0082F911 /* SSMessageTableViewCellBackgroundClear.png */ = {isa = PBXFileReference; lastKnownFileType = image.png; name = SSMessageTableViewCellBackgroundClear.png; path = ../../Libraries/ssmessagesviewcontroller/Images/SSMessageTableViewCellBackgroundClear.png; sourceTree = "<group>"; };
		DFDA984D14C5CC6A0082F911 /* SSMessageTableViewCellBackgroundClear@2x.png */ = {isa = PBXFileReference; lastKnownFileType = image.png; name = "SSMessageTableViewCellBackgroundClear@2x.png"; path = "../../Libraries/ssmessagesviewcontroller/Images/SSMessageTableViewCellBackgroundClear@2x.png"; sourceTree = "<group>"; };
		DFDA984E14C5CC6A0082F911 /* SSMessageTableViewCellBackgroundGreen.png */ = {isa = PBXFileReference; lastKnownFileType = image.png; name = SSMessageTableViewCellBackgroundGreen.png; path = ../../Libraries/ssmessagesviewcontroller/Images/SSMessageTableViewCellBackgroundGreen.png; sourceTree = "<group>"; };
		DFDA984F14C5CC6A0082F911 /* SSMessageTableViewCellBackgroundGreen@2x.png */ = {isa = PBXFileReference; lastKnownFileType = image.png; name = "SSMessageTableViewCellBackgroundGreen@2x.png"; path = "../../Libraries/ssmessagesviewcontroller/Images/SSMessageTableViewCellBackgroundGreen@2x.png"; sourceTree = "<group>"; };
		DFDA985A14C5CCFB0082F911 /* SL_SMS.h */ = {isa = PBXFileReference; fileEncoding = 4; lastKnownFileType = sourcecode.c.h; path = SL_SMS.h; sourceTree = "<group>"; };
		DFDA985B14C5CCFB0082F911 /* SL_SMS.m */ = {isa = PBXFileReference; fileEncoding = 4; lastKnownFileType = sourcecode.c.objc; path = SL_SMS.m; sourceTree = "<group>"; };
		DFDA985D14C5CD390082F911 /* SMS.h */ = {isa = PBXFileReference; fileEncoding = 4; lastKnownFileType = sourcecode.c.h; path = SMS.h; sourceTree = "<group>"; };
		DFDA985E14C5CD390082F911 /* SMS.m */ = {isa = PBXFileReference; fileEncoding = 4; lastKnownFileType = sourcecode.c.objc; path = SMS.m; sourceTree = "<group>"; };
		DFDA986214C5DA660082F911 /* SSMessagesTableHeaderView.h */ = {isa = PBXFileReference; fileEncoding = 4; lastKnownFileType = sourcecode.c.h; path = SSMessagesTableHeaderView.h; sourceTree = "<group>"; };
		DFDA986314C5DA660082F911 /* SSMessagesTableHeaderView.m */ = {isa = PBXFileReference; fileEncoding = 4; lastKnownFileType = sourcecode.c.objc; path = SSMessagesTableHeaderView.m; sourceTree = "<group>"; };
		DFDA986414C5DA670082F911 /* SSMessagesTableHeaderView.xib */ = {isa = PBXFileReference; fileEncoding = 4; lastKnownFileType = file.xib; path = SSMessagesTableHeaderView.xib; sourceTree = "<group>"; };
		DFDA990E14C62E0A0082F911 /* SSMessagesTableHeaderDateView.h */ = {isa = PBXFileReference; fileEncoding = 4; lastKnownFileType = sourcecode.c.h; path = SSMessagesTableHeaderDateView.h; sourceTree = "<group>"; };
		DFDA990F14C62E0B0082F911 /* SSMessagesTableHeaderDateView.m */ = {isa = PBXFileReference; fileEncoding = 4; lastKnownFileType = sourcecode.c.objc; path = SSMessagesTableHeaderDateView.m; sourceTree = "<group>"; };
		DFDA991014C62E0C0082F911 /* SSMessagesTableHeaderDateView.xib */ = {isa = PBXFileReference; fileEncoding = 4; lastKnownFileType = file.xib; path = SSMessagesTableHeaderDateView.xib; sourceTree = "<group>"; };
/* End PBXFileReference section */

/* Begin PBXFrameworksBuildPhase section */
		DFDA980B14C5CC280082F911 /* Frameworks */ = {
			isa = PBXFrameworksBuildPhase;
			buildActionMask = 2147483647;
			files = (
				DF10E60B14D1E9ED00146C28 /* iAd.framework in Frameworks */,
				DFDA981314C5CC280082F911 /* UIKit.framework in Frameworks */,
				DFDA981514C5CC280082F911 /* Foundation.framework in Frameworks */,
				DFDA981714C5CC280082F911 /* CoreGraphics.framework in Frameworks */,
			);
			runOnlyForDeploymentPostprocessing = 0;
		};
/* End PBXFrameworksBuildPhase section */

/* Begin PBXGroup section */
		DF00B88014C99564008A891E /* Images */ = {
			isa = PBXGroup;
			children = (
				DF00B88214C9956E008A891E /* tableviewheader_ring@2x.png */,
				DF00B88414C99660008A891E /* tableviewheader_ring_selected@2x.png */,
				DF00B88614C9977B008A891E /* tableviewheader_facetime_selected@2x.png */,
				DF00B88814C997C2008A891E /* tableviewheader_add@2x.png */,
				DF00B88914C997C2008A891E /* tableviewheader_facetime@2x.png */,
				DF00B88A14C997C2008A891E /* tableviewheader_ring@2x.png */,
				DF00B89014C99831008A891E /* tableviewheader_add_selected@2x.png */,
				DF00B88E14C997D1008A891E /* tableheaderview_message@2x.png */,
			);
			name = Images;
			sourceTree = "<group>";
		};
		DFDA980314C5CC270082F911 = {
			isa = PBXGroup;
			children = (
				DF0C95A214D5BE8000FA3F4F /* Icon@2x.png */,
				DF0C95A014D5BE7C00FA3F4F /* Icon.png */,
				DF10E60A14D1E9ED00146C28 /* iAd.framework */,
				DFDA981814C5CC280082F911 /* SL */,
				DFDA981114C5CC280082F911 /* Frameworks */,
				DFDA980F14C5CC280082F911 /* Products */,
			);
			sourceTree = "<group>";
		};
		DFDA980F14C5CC280082F911 /* Products */ = {
			isa = PBXGroup;
			children = (
				DFDA980E14C5CC280082F911 /* SL.app */,
			);
			name = Products;
			sourceTree = "<group>";
		};
		DFDA981114C5CC280082F911 /* Frameworks */ = {
			isa = PBXGroup;
			children = (
				DFDA981214C5CC280082F911 /* UIKit.framework */,
				DFDA981414C5CC280082F911 /* Foundation.framework */,
				DFDA981614C5CC280082F911 /* CoreGraphics.framework */,
			);
			name = Frameworks;
			sourceTree = "<group>";
		};
		DFDA981814C5CC280082F911 /* SL */ = {
			isa = PBXGroup;
			children = (
				DF00B88014C99564008A891E /* Images */,
				DFDA983514C5CC4D0082F911 /* SSMessagesViewController */,
				DFDA982114C5CC280082F911 /* AppDelegate.h */,
				DFDA982214C5CC280082F911 /* AppDelegate.m */,
				DFDA982414C5CC280082F911 /* MasterViewController.h */,
				DFDA982514C5CC280082F911 /* MasterViewController.m */,
				DFDA982714C5CC280082F911 /* DetailViewController.h */,
				DFDA982814C5CC280082F911 /* DetailViewController.m */,
				DF00B89214C9A04A008A891E /* LinksDetailViewController.h */,
				DF00B89314C9A04A008A891E /* LinksDetailViewController.m */,
				DF00B89414C9A04A008A891E /* LinksDetailViewController.xib */,
				DFDA985A14C5CCFB0082F911 /* SL_SMS.h */,
				DFDA985B14C5CCFB0082F911 /* SL_SMS.m */,
				DFDA982A14C5CC280082F911 /* MasterViewController.xib */,
				DFDA982D14C5CC280082F911 /* DetailViewController.xib */,
				DF0C959C14D5BDCE00FA3F4F /* Icon.png */,
				DF0C959D14D5BDCE00FA3F4F /* Icon@2x.png */,
				DFDA981914C5CC280082F911 /* Supporting Files */,
				DFDA985D14C5CD390082F911 /* SMS.h */,
				DFDA985E14C5CD390082F911 /* SMS.m */,
			);
			path = SL;
			sourceTree = "<group>";
		};
		DFDA981914C5CC280082F911 /* Supporting Files */ = {
			isa = PBXGroup;
			children = (
				DFDA981A14C5CC280082F911 /* SL-Info.plist */,
				DFDA981B14C5CC280082F911 /* InfoPlist.strings */,
				DFDA981E14C5CC280082F911 /* main.m */,
				DFDA982014C5CC280082F911 /* SL-Prefix.pch */,
			);
			name = "Supporting Files";
			sourceTree = "<group>";
		};
		DFDA983514C5CC4D0082F911 /* SSMessagesViewController */ = {
			isa = PBXGroup;
			children = (
				DFDA984514C5CC5F0082F911 /* Images */,
				DFDA983614C5CC5C0082F911 /* SSMessagesViewController.h */,
				DFDA983714C5CC5C0082F911 /* SSMessagesViewController.m */,
				DFDA983814C5CC5C0082F911 /* SSMessageTableViewCell.h */,
				DFDA983914C5CC5C0082F911 /* SSMessageTableViewCell.m */,
				DFDA983A14C5CC5C0082F911 /* SSMessageTableViewCellBubbleView.h */,
				DFDA983B14C5CC5C0082F911 /* SSMessageTableViewCellBubbleView.m */,
				DFDA983C14C5CC5C0082F911 /* SSDrawingUtilities.h */,
				DFDA983D14C5CC5C0082F911 /* SSDrawingUtilities.m */,
				DFDA983E14C5CC5C0082F911 /* SSTextField.h */,
				DFDA983F14C5CC5C0082F911 /* SSTextField.m */,
				DFDA986214C5DA660082F911 /* SSMessagesTableHeaderView.h */,
				DFDA986314C5DA660082F911 /* SSMessagesTableHeaderView.m */,
				DFDA986414C5DA670082F911 /* SSMessagesTableHeaderView.xib */,
				DFDA990E14C62E0A0082F911 /* SSMessagesTableHeaderDateView.h */,
				DFDA990F14C62E0B0082F911 /* SSMessagesTableHeaderDateView.m */,
				DFDA991014C62E0C0082F911 /* SSMessagesTableHeaderDateView.xib */,
			);
			name = SSMessagesViewController;
			sourceTree = "<group>";
		};
		DFDA984514C5CC5F0082F911 /* Images */ = {
			isa = PBXGroup;
			children = (
				DF10E60814D1D5D800146C28 /* SSMessagesViewControllerCameraButton@2x.png */,
				DFDA984614C5CC6A0082F911 /* SSMessagesViewControllerInputBackground.png */,
				DFDA984714C5CC6A0082F911 /* SSMessagesViewControllerInputBackground@2x.png */,
				DFDA984814C5CC6A0082F911 /* SSMessagesViewControllerSendButtonBackground.png */,
				DFDA984914C5CC6A0082F911 /* SSMessagesViewControllerSendButtonBackground@2x.png */,
				DF10E60514D1D28D00146C28 /* SSMessagesViewControllerSendButtonBackgroundGreen@2x.png */,
				DFDA984A14C5CC6A0082F911 /* SSMessagesViewControllerTextFieldBackground.png */,
				DFDA984B14C5CC6A0082F911 /* SSMessagesViewControllerTextFieldBackground@2x.png */,
				DFDA984C14C5CC6A0082F911 /* SSMessageTableViewCellBackgroundClear.png */,
				DFDA984D14C5CC6A0082F911 /* SSMessageTableViewCellBackgroundClear@2x.png */,
				DFDA984E14C5CC6A0082F911 /* SSMessageTableViewCellBackgroundGreen.png */,
				DFDA984F14C5CC6A0082F911 /* SSMessageTableViewCellBackgroundGreen@2x.png */,
			);
			name = Images;
			sourceTree = "<group>";
		};
/* End PBXGroup section */

/* Begin PBXNativeTarget section */
		DFDA980D14C5CC280082F911 /* SL */ = {
			isa = PBXNativeTarget;
			buildConfigurationList = DFDA983214C5CC280082F911 /* Build configuration list for PBXNativeTarget "SL" */;
			buildPhases = (
				DFDA980A14C5CC280082F911 /* Sources */,
				DFDA980B14C5CC280082F911 /* Frameworks */,
				DFDA980C14C5CC280082F911 /* Resources */,
			);
			buildRules = (
			);
			dependencies = (
			);
			name = SL;
			productName = SL;
			productReference = DFDA980E14C5CC280082F911 /* SL.app */;
			productType = "com.apple.product-type.application";
		};
/* End PBXNativeTarget section */

/* Begin PBXProject section */
		DFDA980514C5CC270082F911 /* Project object */ = {
			isa = PBXProject;
			attributes = {
				LastUpgradeCheck = 0420;
			};
			buildConfigurationList = DFDA980814C5CC270082F911 /* Build configuration list for PBXProject "SL" */;
			compatibilityVersion = "Xcode 3.2";
			developmentRegion = English;
			hasScannedForEncodings = 0;
			knownRegions = (
				en,
			);
			mainGroup = DFDA980314C5CC270082F911;
			productRefGroup = DFDA980F14C5CC280082F911 /* Products */;
			projectDirPath = "";
			projectRoot = "";
			targets = (
				DFDA980D14C5CC280082F911 /* SL */,
			);
		};
/* End PBXProject section */

/* Begin PBXResourcesBuildPhase section */
		DFDA980C14C5CC280082F911 /* Resources */ = {
			isa = PBXResourcesBuildPhase;
			buildActionMask = 2147483647;
			files = (
				DFDA981D14C5CC280082F911 /* InfoPlist.strings in Resources */,
				DFDA982C14C5CC280082F911 /* MasterViewController.xib in Resources */,
				DFDA982F14C5CC280082F911 /* DetailViewController.xib in Resources */,
				DFDA985014C5CC6A0082F911 /* SSMessagesViewControllerInputBackground.png in Resources */,
				DFDA985114C5CC6A0082F911 /* SSMessagesViewControllerInputBackground@2x.png in Resources */,
				DFDA985214C5CC6A0082F911 /* SSMessagesViewControllerSendButtonBackground.png in Resources */,
				DFDA985314C5CC6A0082F911 /* SSMessagesViewControllerSendButtonBackground@2x.png in Resources */,
				DFDA985414C5CC6A0082F911 /* SSMessagesViewControllerTextFieldBackground.png in Resources */,
				DFDA985514C5CC6A0082F911 /* SSMessagesViewControllerTextFieldBackground@2x.png in Resources */,
				DFDA985614C5CC6A0082F911 /* SSMessageTableViewCellBackgroundClear.png in Resources */,
				DFDA985714C5CC6A0082F911 /* SSMessageTableViewCellBackgroundClear@2x.png in Resources */,
				DFDA985814C5CC6A0082F911 /* SSMessageTableViewCellBackgroundGreen.png in Resources */,
				DFDA985914C5CC6A0082F911 /* SSMessageTableViewCellBackgroundGreen@2x.png in Resources */,
				DFDA986614C5DA680082F911 /* SSMessagesTableHeaderView.xib in Resources */,
				DFDA991214C62E0D0082F911 /* SSMessagesTableHeaderDateView.xib in Resources */,
				DF00B88314C9956E008A891E /* tableviewheader_ring@2x.png in Resources */,
				DF00B88514C99660008A891E /* tableviewheader_ring_selected@2x.png in Resources */,
				DF00B88714C9977B008A891E /* tableviewheader_facetime_selected@2x.png in Resources */,
				DF00B88B14C997C2008A891E /* tableviewheader_add@2x.png in Resources */,
				DF00B88C14C997C2008A891E /* tableviewheader_facetime@2x.png in Resources */,
				DF00B88D14C997C2008A891E /* tableviewheader_ring@2x.png in Resources */,
				DF00B88F14C997D1008A891E /* tableheaderview_message@2x.png in Resources */,
				DF00B89114C99831008A891E /* tableviewheader_add_selected@2x.png in Resources */,
				DF00B89614C9A04A008A891E /* LinksDetailViewController.xib in Resources */,
				DF10E60614D1D28D00146C28 /* SSMessagesViewControllerSendButtonBackgroundGreen@2x.png in Resources */,
				DF10E60914D1D5D900146C28 /* SSMessagesViewControllerCameraButton@2x.png in Resources */,
				DF0C959E14D5BDCE00FA3F4F /* Icon.png in Resources */,
				DF0C959F14D5BDCE00FA3F4F /* Icon@2x.png in Resources */,
				DF0C95A114D5BE7C00FA3F4F /* Icon.png in Resources */,
				DF0C95A314D5BE8000FA3F4F /* Icon@2x.png in Resources */,
			);
			runOnlyForDeploymentPostprocessing = 0;
		};
/* End PBXResourcesBuildPhase section */

/* Begin PBXSourcesBuildPhase section */
		DFDA980A14C5CC280082F911 /* Sources */ = {
			isa = PBXSourcesBuildPhase;
			buildActionMask = 2147483647;
			files = (
				DFDA981F14C5CC280082F911 /* main.m in Sources */,
				DFDA982314C5CC280082F911 /* AppDelegate.m in Sources */,
				DFDA982614C5CC280082F911 /* MasterViewController.m in Sources */,
				DFDA982914C5CC280082F911 /* DetailViewController.m in Sources */,
				DFDA984014C5CC5C0082F911 /* SSMessagesViewController.m in Sources */,
				DFDA984114C5CC5C0082F911 /* SSMessageTableViewCell.m in Sources */,
				DFDA984214C5CC5C0082F911 /* SSMessageTableViewCellBubbleView.m in Sources */,
				DFDA984314C5CC5C0082F911 /* SSDrawingUtilities.m in Sources */,
				DFDA984414C5CC5C0082F911 /* SSTextField.m in Sources */,
				DFDA985C14C5CCFB0082F911 /* SL_SMS.m in Sources */,
				DFDA985F14C5CD390082F911 /* SMS.m in Sources */,
				DFDA986514C5DA680082F911 /* SSMessagesTableHeaderView.m in Sources */,
				DFDA991114C62E0D0082F911 /* SSMessagesTableHeaderDateView.m in Sources */,
				DF00B89514C9A04A008A891E /* LinksDetailViewController.m in Sources */,
			);
			runOnlyForDeploymentPostprocessing = 0;
		};
/* End PBXSourcesBuildPhase section */

/* Begin PBXVariantGroup section */
		DFDA981B14C5CC280082F911 /* InfoPlist.strings */ = {
			isa = PBXVariantGroup;
			children = (
				DFDA981C14C5CC280082F911 /* en */,
			);
			name = InfoPlist.strings;
			sourceTree = "<group>";
		};
		DFDA982A14C5CC280082F911 /* MasterViewController.xib */ = {
			isa = PBXVariantGroup;
			children = (
				DFDA982B14C5CC280082F911 /* en */,
			);
			name = MasterViewController.xib;
			sourceTree = "<group>";
		};
		DFDA982D14C5CC280082F911 /* DetailViewController.xib */ = {
			isa = PBXVariantGroup;
			children = (
				DFDA982E14C5CC280082F911 /* en */,
			);
			name = DetailViewController.xib;
			sourceTree = "<group>";
		};
/* End PBXVariantGroup section */

/* Begin XCBuildConfiguration section */
		DFDA983014C5CC280082F911 /* Debug */ = {
			isa = XCBuildConfiguration;
			buildSettings = {
				ALWAYS_SEARCH_USER_PATHS = NO;
				ARCHS = "$(ARCHS_STANDARD_32_BIT)";
				"CODE_SIGN_IDENTITY[sdk=iphoneos*]" = "iPhone Developer";
				COPY_PHASE_STRIP = NO;
				GCC_C_LANGUAGE_STANDARD = gnu99;
				GCC_DYNAMIC_NO_PIC = NO;
				GCC_OPTIMIZATION_LEVEL = 0;
				GCC_PREPROCESSOR_DEFINITIONS = (
					"DEBUG=1",
					"$(inherited)",
				);
				GCC_SYMBOLS_PRIVATE_EXTERN = NO;
				GCC_VERSION = com.apple.compilers.llvm.clang.1_0;
				GCC_WARN_ABOUT_MISSING_PROTOTYPES = YES;
				GCC_WARN_ABOUT_RETURN_TYPE = YES;
				GCC_WARN_UNUSED_VARIABLE = YES;
				IPHONEOS_DEPLOYMENT_TARGET = 5.0;
				SDKROOT = iphoneos;
			};
			name = Debug;
		};
		DFDA983114C5CC280082F911 /* Release */ = {
			isa = XCBuildConfiguration;
			buildSettings = {
				ALWAYS_SEARCH_USER_PATHS = NO;
				ARCHS = "$(ARCHS_STANDARD_32_BIT)";
				"CODE_SIGN_IDENTITY[sdk=iphoneos*]" = "iPhone Developer";
				COPY_PHASE_STRIP = YES;
				GCC_C_LANGUAGE_STANDARD = gnu99;
				GCC_VERSION = com.apple.compilers.llvm.clang.1_0;
				GCC_WARN_ABOUT_MISSING_PROTOTYPES = YES;
				GCC_WARN_ABOUT_RETURN_TYPE = YES;
				GCC_WARN_UNUSED_VARIABLE = YES;
				IPHONEOS_DEPLOYMENT_TARGET = 5.0;
				OTHER_CFLAGS = "-DNS_BLOCK_ASSERTIONS=1";
				SDKROOT = iphoneos;
				VALIDATE_PRODUCT = YES;
			};
			name = Release;
		};
		DFDA983314C5CC280082F911 /* Debug */ = {
			isa = XCBuildConfiguration;
			buildSettings = {
				GCC_PRECOMPILE_PREFIX_HEADER = YES;
				GCC_PREFIX_HEADER = "SL/SL-Prefix.pch";
				HEADER_SEARCH_PATHS = "";
				INFOPLIST_FILE = "SL/SL-Info.plist";
				IPHONEOS_DEPLOYMENT_TARGET = 4.0;
				PRODUCT_NAME = "$(TARGET_NAME)";
				WRAPPER_EXTENSION = app;
			};
			name = Debug;
		};
		DFDA983414C5CC280082F911 /* Release */ = {
			isa = XCBuildConfiguration;
			buildSettings = {
				CODE_SIGN_IDENTITY = "iPhone Distribution";
				"CODE_SIGN_IDENTITY[sdk=iphoneos*]" = "iPhone Distribution";
				GCC_PRECOMPILE_PREFIX_HEADER = YES;
				GCC_PREFIX_HEADER = "SL/SL-Prefix.pch";
				HEADER_SEARCH_PATHS = "";
				INFOPLIST_FILE = "SL/SL-Info.plist";
				IPHONEOS_DEPLOYMENT_TARGET = 4.0;
				PRODUCT_NAME = "$(TARGET_NAME)";
				PROVISIONING_PROFILE = "";
				"PROVISIONING_PROFILE[sdk=iphoneos*]" = "";
				WRAPPER_EXTENSION = app;
			};
			name = Release;
		};
/* End XCBuildConfiguration section */

/* Begin XCConfigurationList section */
		DFDA980814C5CC270082F911 /* Build configuration list for PBXProject "SL" */ = {
			isa = XCConfigurationList;
			buildConfigurations = (
				DFDA983014C5CC280082F911 /* Debug */,
				DFDA983114C5CC280082F911 /* Release */,
			);
			defaultConfigurationIsVisible = 0;
			defaultConfigurationName = Release;
		};
		DFDA983214C5CC280082F911 /* Build configuration list for PBXNativeTarget "SL" */ = {
			isa = XCConfigurationList;
			buildConfigurations = (
				DFDA983314C5CC280082F911 /* Debug */,
				DFDA983414C5CC280082F911 /* Release */,
			);
			defaultConfigurationIsVisible = 0;
			defaultConfigurationName = Release;
		};
/* End XCConfigurationList section */
	};
	rootObject = DFDA980514C5CC270082F911 /* Project object */;
}
